
Microsoft Visual Studio Solution File, Format Version 12.00
# Visual Studio Version 16
VisualStudioVersion = 16.0.30204.135
MinimumVisualStudioVersion = 10.0.40219.1
Project("{FAE04EC0-301F-11D3-BF4B-00C04F79EFBC}") = "Gauge", "Gauge\Gauge.csproj", "{FD4F6F82-0027-45F1-974E-0504C7F77E97}"
EndProject
Global
	GlobalSection(SolutionConfigurationPlatforms) = preSolution
		Debug|Any CPU = Debug|Any CPU
		Release|Any CPU = Release|Any CPU
	EndGlobalSection
	GlobalSection(ProjectConfigurationPlatforms) = postSolution
		{FD4F6F82-0027-45F1-974E-0504C7F77E97}.Debug|Any CPU.ActiveCfg = Debug|Any CPU
		{FD4F6F82-0027-45F1-974E-0504C7F77E97}.Debug|Any CPU.Build.0 = Debug|Any CPU
		{FD4F6F82-0027-45F1-974E-0504C7F77E97}.Release|Any CPU.ActiveCfg = Release|Any CPU
		{FD4F6F82-0027-45F1-974E-0504C7F77E97}.Release|Any CPU.Build.0 = Release|Any CPU
	EndGlobalSection
	GlobalSection(SolutionProperties) = preSolution
		HideSolutionNode = FALSE
	EndGlobalSection
	GlobalSection(ExtensibilityGlobals) = postSolution
		SolutionGuid = {986DCA24-F77C-4368-B326-AED56DBCA7F3}
	EndGlobalSection
EndGlobal
